
Microsoft Visual Studio Solution File, Format Version 12.00
# Visual Studio 15
Project("{FAE04EC0-301F-11D3-BF4B-00C04F79EFBC}") = "Assembly-CSharp", "Assembly-CSharp.csproj", "{4EEE4AE0-BC4E-C630-DF03-D68FC78DE1C8}"
EndProject
Project("{FAE04EC0-301F-11D3-BF4B-00C04F79EFBC}") = "Assembly-CSharp-Editor", "Assembly-CSharp-Editor.csproj", "{56558FF0-BB4F-48AD-79BA-3316DEC97DBB}"
EndProject
Global
	GlobalSection(SolutionConfigurationPlatforms) = preSolution
		Debug|Any CPU = Debug|Any CPU
		Release|Any CPU = Release|Any CPU
	EndGlobalSection
	GlobalSection(ProjectConfigurationPlatforms) = postSolution
		{4EEE4AE0-BC4E-C630-DF03-D68FC78DE1C8}.Debug|Any CPU.ActiveCfg = Debug|Any CPU
		{4EEE4AE0-BC4E-C630-DF03-D68FC78DE1C8}.Debug|Any CPU.Build.0 = Debug|Any CPU
		{4EEE4AE0-BC4E-C630-DF03-D68FC78DE1C8}.Release|Any CPU.ActiveCfg = Release|Any CPU
		{4EEE4AE0-BC4E-C630-DF03-D68FC78DE1C8}.Release|Any CPU.Build.0 = Release|Any CPU
		{56558FF0-BB4F-48AD-79BA-3316DEC97DBB}.Debug|Any CPU.ActiveCfg = Debug|Any CPU
		{56558FF0-BB4F-48AD-79BA-3316DEC97DBB}.Debug|Any CPU.Build.0 = Debug|Any CPU
		{56558FF0-BB4F-48AD-79BA-3316DEC97DBB}.Release|Any CPU.ActiveCfg = Release|Any CPU
		{56558FF0-BB4F-48AD-79BA-3316DEC97DBB}.Release|Any CPU.Build.0 = Release|Any CPU
	EndGlobalSection
	GlobalSection(SolutionProperties) = preSolution
		HideSolutionNode = FALSE
	EndGlobalSection
	GlobalSection(MonoDevelopProperties) = preSolution
		StartupItem = Assembly-CSharp.csproj
	EndGlobalSection
EndGlobal
